
Microsoft Visual Studio Solution File, Format Version 12.00
# Visual Studio Version 17
VisualStudioVersion = 17.13.35825.156 d17.13
MinimumVisualStudioVersion = 10.0.40219.1
Project("{8BC9CEB8-8B4A-11D0-8D11-00A0C91BC942}") = "Solve2720", "Solve2720\Solve2720.vcxproj", "{32F3F63C-3A9F-4E9B-A7EC-8BE67703638E}"
EndProject
Global
	GlobalSection(SolutionConfigurationPlatforms) = preSolution
		Debug|x64 = Debug|x64
		Debug|x86 = Debug|x86
		Release|x64 = Release|x64
		Release|x86 = Release|x86
	EndGlobalSection
	GlobalSection(ProjectConfigurationPlatforms) = postSolution
		{32F3F63C-3A9F-4E9B-A7EC-8BE67703638E}.Debug|x64.ActiveCfg = Debug|x64
		{32F3F63C-3A9F-4E9B-A7EC-8BE67703638E}.Debug|x64.Build.0 = Debug|x64
		{32F3F63C-3A9F-4E9B-A7EC-8BE67703638E}.Debug|x86.ActiveCfg = Debug|Win32
		{32F3F63C-3A9F-4E9B-A7EC-8BE67703638E}.Debug|x86.Build.0 = Debug|Win32
		{32F3F63C-3A9F-4E9B-A7EC-8BE67703638E}.Release|x64.ActiveCfg = Release|x64
		{32F3F63C-3A9F-4E9B-A7EC-8BE67703638E}.Release|x64.Build.0 = Release|x64
		{32F3F63C-3A9F-4E9B-A7EC-8BE67703638E}.Release|x86.ActiveCfg = Release|Win32
		{32F3F63C-3A9F-4E9B-A7EC-8BE67703638E}.Release|x86.Build.0 = Release|Win32
	EndGlobalSection
	GlobalSection(SolutionProperties) = preSolution
		HideSolutionNode = FALSE
	EndGlobalSection
	GlobalSection(ExtensibilityGlobals) = postSolution
		SolutionGuid = {0195D01A-2806-48B4-9C99-E1475F647BF3}
	EndGlobalSection
EndGlobal
