
Microsoft Visual Studio Solution File, Format Version 12.00
# Visual Studio Version 17
VisualStudioVersion = 17.13.35825.156 d17.13
MinimumVisualStudioVersion = 10.0.40219.1
Project("{8BC9CEB8-8B4A-11D0-8D11-00A0C91BC942}") = "Solve1330", "Solve1330\Solve1330.vcxproj", "{C1A007FF-3251-4C78-8E3E-09D30492914F}"
EndProject
Global
	GlobalSection(SolutionConfigurationPlatforms) = preSolution
		Debug|x64 = Debug|x64
		Debug|x86 = Debug|x86
		Release|x64 = Release|x64
		Release|x86 = Release|x86
	EndGlobalSection
	GlobalSection(ProjectConfigurationPlatforms) = postSolution
		{C1A007FF-3251-4C78-8E3E-09D30492914F}.Debug|x64.ActiveCfg = Debug|x64
		{C1A007FF-3251-4C78-8E3E-09D30492914F}.Debug|x64.Build.0 = Debug|x64
		{C1A007FF-3251-4C78-8E3E-09D30492914F}.Debug|x86.ActiveCfg = Debug|Win32
		{C1A007FF-3251-4C78-8E3E-09D30492914F}.Debug|x86.Build.0 = Debug|Win32
		{C1A007FF-3251-4C78-8E3E-09D30492914F}.Release|x64.ActiveCfg = Release|x64
		{C1A007FF-3251-4C78-8E3E-09D30492914F}.Release|x64.Build.0 = Release|x64
		{C1A007FF-3251-4C78-8E3E-09D30492914F}.Release|x86.ActiveCfg = Release|Win32
		{C1A007FF-3251-4C78-8E3E-09D30492914F}.Release|x86.Build.0 = Release|Win32
	EndGlobalSection
	GlobalSection(SolutionProperties) = preSolution
		HideSolutionNode = FALSE
	EndGlobalSection
	GlobalSection(ExtensibilityGlobals) = postSolution
		SolutionGuid = {E46E2E4A-365D-4A7B-9E83-B7413D2B33F1}
	EndGlobalSection
EndGlobal
