
Microsoft Visual Studio Solution File, Format Version 12.00
# Visual Studio Version 17
VisualStudioVersion = 17.13.35825.156 d17.13
MinimumVisualStudioVersion = 10.0.40219.1
Project("{8BC9CEB8-8B4A-11D0-8D11-00A0C91BC942}") = "Solve10950", "Solve10950\Solve10950.vcxproj", "{C56427D9-E880-41F1-B47A-1B6E92905469}"
EndProject
Global
	GlobalSection(SolutionConfigurationPlatforms) = preSolution
		Debug|x64 = Debug|x64
		Debug|x86 = Debug|x86
		Release|x64 = Release|x64
		Release|x86 = Release|x86
	EndGlobalSection
	GlobalSection(ProjectConfigurationPlatforms) = postSolution
		{C56427D9-E880-41F1-B47A-1B6E92905469}.Debug|x64.ActiveCfg = Debug|x64
		{C56427D9-E880-41F1-B47A-1B6E92905469}.Debug|x64.Build.0 = Debug|x64
		{C56427D9-E880-41F1-B47A-1B6E92905469}.Debug|x86.ActiveCfg = Debug|Win32
		{C56427D9-E880-41F1-B47A-1B6E92905469}.Debug|x86.Build.0 = Debug|Win32
		{C56427D9-E880-41F1-B47A-1B6E92905469}.Release|x64.ActiveCfg = Release|x64
		{C56427D9-E880-41F1-B47A-1B6E92905469}.Release|x64.Build.0 = Release|x64
		{C56427D9-E880-41F1-B47A-1B6E92905469}.Release|x86.ActiveCfg = Release|Win32
		{C56427D9-E880-41F1-B47A-1B6E92905469}.Release|x86.Build.0 = Release|Win32
	EndGlobalSection
	GlobalSection(SolutionProperties) = preSolution
		HideSolutionNode = FALSE
	EndGlobalSection
	GlobalSection(ExtensibilityGlobals) = postSolution
		SolutionGuid = {67337008-688D-4768-AF0B-8BC6DEC7BFF5}
	EndGlobalSection
EndGlobal
