
Microsoft Visual Studio Solution File, Format Version 12.00
# Visual Studio Version 17
VisualStudioVersion = 17.13.35825.156 d17.13
MinimumVisualStudioVersion = 10.0.40219.1
Project("{8BC9CEB8-8B4A-11D0-8D11-00A0C91BC942}") = "Solve18108", "Solve18108\Solve18108.vcxproj", "{7E80CE37-8A3E-461D-AA37-8BE1454C38BD}"
EndProject
Global
	GlobalSection(SolutionConfigurationPlatforms) = preSolution
		Debug|x64 = Debug|x64
		Debug|x86 = Debug|x86
		Release|x64 = Release|x64
		Release|x86 = Release|x86
	EndGlobalSection
	GlobalSection(ProjectConfigurationPlatforms) = postSolution
		{7E80CE37-8A3E-461D-AA37-8BE1454C38BD}.Debug|x64.ActiveCfg = Debug|x64
		{7E80CE37-8A3E-461D-AA37-8BE1454C38BD}.Debug|x64.Build.0 = Debug|x64
		{7E80CE37-8A3E-461D-AA37-8BE1454C38BD}.Debug|x86.ActiveCfg = Debug|Win32
		{7E80CE37-8A3E-461D-AA37-8BE1454C38BD}.Debug|x86.Build.0 = Debug|Win32
		{7E80CE37-8A3E-461D-AA37-8BE1454C38BD}.Release|x64.ActiveCfg = Release|x64
		{7E80CE37-8A3E-461D-AA37-8BE1454C38BD}.Release|x64.Build.0 = Release|x64
		{7E80CE37-8A3E-461D-AA37-8BE1454C38BD}.Release|x86.ActiveCfg = Release|Win32
		{7E80CE37-8A3E-461D-AA37-8BE1454C38BD}.Release|x86.Build.0 = Release|Win32
	EndGlobalSection
	GlobalSection(SolutionProperties) = preSolution
		HideSolutionNode = FALSE
	EndGlobalSection
	GlobalSection(ExtensibilityGlobals) = postSolution
		SolutionGuid = {014C3510-B6F4-4A7A-8F5D-18DA6D9E3267}
	EndGlobalSection
EndGlobal
