
Microsoft Visual Studio Solution File, Format Version 12.00
# Visual Studio Version 17
VisualStudioVersion = 17.13.35825.156 d17.13
MinimumVisualStudioVersion = 10.0.40219.1
Project("{8BC9CEB8-8B4A-11D0-8D11-00A0C91BC942}") = "Solve10988", "Solve10988\Solve10988.vcxproj", "{B2F77A43-67E0-4C1F-A9A7-44954B83F886}"
EndProject
Global
	GlobalSection(SolutionConfigurationPlatforms) = preSolution
		Debug|x64 = Debug|x64
		Debug|x86 = Debug|x86
		Release|x64 = Release|x64
		Release|x86 = Release|x86
	EndGlobalSection
	GlobalSection(ProjectConfigurationPlatforms) = postSolution
		{B2F77A43-67E0-4C1F-A9A7-44954B83F886}.Debug|x64.ActiveCfg = Debug|x64
		{B2F77A43-67E0-4C1F-A9A7-44954B83F886}.Debug|x64.Build.0 = Debug|x64
		{B2F77A43-67E0-4C1F-A9A7-44954B83F886}.Debug|x86.ActiveCfg = Debug|Win32
		{B2F77A43-67E0-4C1F-A9A7-44954B83F886}.Debug|x86.Build.0 = Debug|Win32
		{B2F77A43-67E0-4C1F-A9A7-44954B83F886}.Release|x64.ActiveCfg = Release|x64
		{B2F77A43-67E0-4C1F-A9A7-44954B83F886}.Release|x64.Build.0 = Release|x64
		{B2F77A43-67E0-4C1F-A9A7-44954B83F886}.Release|x86.ActiveCfg = Release|Win32
		{B2F77A43-67E0-4C1F-A9A7-44954B83F886}.Release|x86.Build.0 = Release|Win32
	EndGlobalSection
	GlobalSection(SolutionProperties) = preSolution
		HideSolutionNode = FALSE
	EndGlobalSection
	GlobalSection(ExtensibilityGlobals) = postSolution
		SolutionGuid = {F11D06D5-55C3-412A-B311-13331633AF8C}
	EndGlobalSection
EndGlobal
