
Microsoft Visual Studio Solution File, Format Version 12.00
# Visual Studio Version 17
VisualStudioVersion = 17.14.36202.13 d17.14
MinimumVisualStudioVersion = 10.0.40219.1
Project("{8BC9CEB8-8B4A-11D0-8D11-00A0C91BC942}") = "WeekStudy", "WeekStudy\WeekStudy.vcxproj", "{E4EB6ECA-A615-4A5B-8086-09F3A4288652}"
EndProject
Project("{8BC9CEB8-8B4A-11D0-8D11-00A0C91BC942}") = "3273", "3273\3273.vcxproj", "{864D176F-46E9-46C9-BF7C-562FCFEBBB5F}"
EndProject
Project("{8BC9CEB8-8B4A-11D0-8D11-00A0C91BC942}") = "1644", "1644\1644.vcxproj", "{70C84B9F-7679-4F47-B618-281F2772E881}"
EndProject
Project("{8BC9CEB8-8B4A-11D0-8D11-00A0C91BC942}") = "2230", "2230\2230.vcxproj", "{4EDC9F39-37FF-439E-BE3C-A9587C458A4C}"
EndProject
Global
	GlobalSection(SolutionConfigurationPlatforms) = preSolution
		Debug|x64 = Debug|x64
		Debug|x86 = Debug|x86
		Release|x64 = Release|x64
		Release|x86 = Release|x86
	EndGlobalSection
	GlobalSection(ProjectConfigurationPlatforms) = postSolution
		{E4EB6ECA-A615-4A5B-8086-09F3A4288652}.Debug|x64.ActiveCfg = Debug|x64
		{E4EB6ECA-A615-4A5B-8086-09F3A4288652}.Debug|x64.Build.0 = Debug|x64
		{E4EB6ECA-A615-4A5B-8086-09F3A4288652}.Debug|x86.ActiveCfg = Debug|Win32
		{E4EB6ECA-A615-4A5B-8086-09F3A4288652}.Debug|x86.Build.0 = Debug|Win32
		{E4EB6ECA-A615-4A5B-8086-09F3A4288652}.Release|x64.ActiveCfg = Release|x64
		{E4EB6ECA-A615-4A5B-8086-09F3A4288652}.Release|x64.Build.0 = Release|x64
		{E4EB6ECA-A615-4A5B-8086-09F3A4288652}.Release|x86.ActiveCfg = Release|Win32
		{E4EB6ECA-A615-4A5B-8086-09F3A4288652}.Release|x86.Build.0 = Release|Win32
		{864D176F-46E9-46C9-BF7C-562FCFEBBB5F}.Debug|x64.ActiveCfg = Debug|x64
		{864D176F-46E9-46C9-BF7C-562FCFEBBB5F}.Debug|x64.Build.0 = Debug|x64
		{864D176F-46E9-46C9-BF7C-562FCFEBBB5F}.Debug|x86.ActiveCfg = Debug|Win32
		{864D176F-46E9-46C9-BF7C-562FCFEBBB5F}.Debug|x86.Build.0 = Debug|Win32
		{864D176F-46E9-46C9-BF7C-562FCFEBBB5F}.Release|x64.ActiveCfg = Release|x64
		{864D176F-46E9-46C9-BF7C-562FCFEBBB5F}.Release|x64.Build.0 = Release|x64
		{864D176F-46E9-46C9-BF7C-562FCFEBBB5F}.Release|x86.ActiveCfg = Release|Win32
		{864D176F-46E9-46C9-BF7C-562FCFEBBB5F}.Release|x86.Build.0 = Release|Win32
		{70C84B9F-7679-4F47-B618-281F2772E881}.Debug|x64.ActiveCfg = Debug|x64
		{70C84B9F-7679-4F47-B618-281F2772E881}.Debug|x64.Build.0 = Debug|x64
		{70C84B9F-7679-4F47-B618-281F2772E881}.Debug|x86.ActiveCfg = Debug|Win32
		{70C84B9F-7679-4F47-B618-281F2772E881}.Debug|x86.Build.0 = Debug|Win32
		{70C84B9F-7679-4F47-B618-281F2772E881}.Release|x64.ActiveCfg = Release|x64
		{70C84B9F-7679-4F47-B618-281F2772E881}.Release|x64.Build.0 = Release|x64
		{70C84B9F-7679-4F47-B618-281F2772E881}.Release|x86.ActiveCfg = Release|Win32
		{70C84B9F-7679-4F47-B618-281F2772E881}.Release|x86.Build.0 = Release|Win32
		{4EDC9F39-37FF-439E-BE3C-A9587C458A4C}.Debug|x64.ActiveCfg = Debug|x64
		{4EDC9F39-37FF-439E-BE3C-A9587C458A4C}.Debug|x64.Build.0 = Debug|x64
		{4EDC9F39-37FF-439E-BE3C-A9587C458A4C}.Debug|x86.ActiveCfg = Debug|Win32
		{4EDC9F39-37FF-439E-BE3C-A9587C458A4C}.Debug|x86.Build.0 = Debug|Win32
		{4EDC9F39-37FF-439E-BE3C-A9587C458A4C}.Release|x64.ActiveCfg = Release|x64
		{4EDC9F39-37FF-439E-BE3C-A9587C458A4C}.Release|x64.Build.0 = Release|x64
		{4EDC9F39-37FF-439E-BE3C-A9587C458A4C}.Release|x86.ActiveCfg = Release|Win32
		{4EDC9F39-37FF-439E-BE3C-A9587C458A4C}.Release|x86.Build.0 = Release|Win32
	EndGlobalSection
	GlobalSection(SolutionProperties) = preSolution
		HideSolutionNode = FALSE
	EndGlobalSection
	GlobalSection(ExtensibilityGlobals) = postSolution
		SolutionGuid = {8E7242CD-507E-475D-BD8F-46096281516A}
	EndGlobalSection
EndGlobal
