
Microsoft Visual Studio Solution File, Format Version 12.00
# Visual Studio Version 17
VisualStudioVersion = 17.13.35825.156 d17.13
MinimumVisualStudioVersion = 10.0.40219.1
Project("{8BC9CEB8-8B4A-11D0-8D11-00A0C91BC942}") = "Solve2743", "Solve2743\Solve2743.vcxproj", "{48B6D0BF-48F1-49FA-A87E-0089FFBA9FF5}"
EndProject
Global
	GlobalSection(SolutionConfigurationPlatforms) = preSolution
		Debug|x64 = Debug|x64
		Debug|x86 = Debug|x86
		Release|x64 = Release|x64
		Release|x86 = Release|x86
	EndGlobalSection
	GlobalSection(ProjectConfigurationPlatforms) = postSolution
		{48B6D0BF-48F1-49FA-A87E-0089FFBA9FF5}.Debug|x64.ActiveCfg = Debug|x64
		{48B6D0BF-48F1-49FA-A87E-0089FFBA9FF5}.Debug|x64.Build.0 = Debug|x64
		{48B6D0BF-48F1-49FA-A87E-0089FFBA9FF5}.Debug|x86.ActiveCfg = Debug|Win32
		{48B6D0BF-48F1-49FA-A87E-0089FFBA9FF5}.Debug|x86.Build.0 = Debug|Win32
		{48B6D0BF-48F1-49FA-A87E-0089FFBA9FF5}.Release|x64.ActiveCfg = Release|x64
		{48B6D0BF-48F1-49FA-A87E-0089FFBA9FF5}.Release|x64.Build.0 = Release|x64
		{48B6D0BF-48F1-49FA-A87E-0089FFBA9FF5}.Release|x86.ActiveCfg = Release|Win32
		{48B6D0BF-48F1-49FA-A87E-0089FFBA9FF5}.Release|x86.Build.0 = Release|Win32
	EndGlobalSection
	GlobalSection(SolutionProperties) = preSolution
		HideSolutionNode = FALSE
	EndGlobalSection
	GlobalSection(ExtensibilityGlobals) = postSolution
		SolutionGuid = {999823F8-BA33-4135-B619-4B10CA54BCED}
	EndGlobalSection
EndGlobal
